Microsoft Visual Studio Solution File, Format Version 12.00
# Visual Studio Version 17
VisualStudioVersion = 17.5.2.0
MinimumVisualStudioVersion = 10.0.40219.1
Project("{FAE04EC0-301F-11D3-BF4B-00C04F79EFBC}") = "HelDeskApiC#", "HelDeskApiC#.csproj", "{822CA7D8-555A-BC33-A44A-48EC966A30FC}"
EndProject
Global
	GlobalSection(SolutionConfigurationPlatforms) = preSolution
		Debug|Any CPU = Debug|Any CPU
		Release|Any CPU = Release|Any CPU
	EndGlobalSection
	GlobalSection(ProjectConfigurationPlatforms) = postSolution
		{822CA7D8-555A-BC33-A44A-48EC966A30FC}.Debug|Any CPU.ActiveCfg = Debug|Any CPU
		{822CA7D8-555A-BC33-A44A-48EC966A30FC}.Debug|Any CPU.Build.0 = Debug|Any CPU
		{822CA7D8-555A-BC33-A44A-48EC966A30FC}.Release|Any CPU.ActiveCfg = Release|Any CPU
		{822CA7D8-555A-BC33-A44A-48EC966A30FC}.Release|Any CPU.Build.0 = Release|Any CPU
	EndGlobalSection
	GlobalSection(SolutionProperties) = preSolution
		HideSolutionNode = FALSE
	EndGlobalSection
	GlobalSection(ExtensibilityGlobals) = postSolution
		SolutionGuid = {CD09F1E0-D8F2-4A7B-A6AB-C54E6E863BAE}
	EndGlobalSection
EndGlobal
